
Microsoft Visual Studio Solution File, Format Version 12.00
# Visual Studio Version 17
VisualStudioVersion = 17.14.36127.28 d17.14
MinimumVisualStudioVersion = 10.0.40219.1
Project("{FAE04EC0-301F-11D3-BF4B-00C04F79EFBC}") = "수강신청시스템", "수강신청시스템.csproj", "{6213CC90-F04D-46C1-B64A-B8B8FF10DAFB}"
EndProject
Global
	GlobalSection(SolutionConfigurationPlatforms) = preSolution
		Debug|Any CPU = Debug|Any CPU
		Release|Any CPU = Release|Any CPU
	EndGlobalSection
	GlobalSection(ProjectConfigurationPlatforms) = postSolution
		{6213CC90-F04D-46C1-B64A-B8B8FF10DAFB}.Debug|Any CPU.ActiveCfg = Debug|Any CPU
		{6213CC90-F04D-46C1-B64A-B8B8FF10DAFB}.Debug|Any CPU.Build.0 = Debug|Any CPU
		{6213CC90-F04D-46C1-B64A-B8B8FF10DAFB}.Release|Any CPU.ActiveCfg = Release|Any CPU
		{6213CC90-F04D-46C1-B64A-B8B8FF10DAFB}.Release|Any CPU.Build.0 = Release|Any CPU
	EndGlobalSection
	GlobalSection(SolutionProperties) = preSolution
		HideSolutionNode = FALSE
	EndGlobalSection
	GlobalSection(ExtensibilityGlobals) = postSolution
		SolutionGuid = {FA948630-F954-408A-8630-A035666B0372}
	EndGlobalSection
EndGlobal
