
Microsoft Visual Studio Solution File, Format Version 12.00
# Visual Studio Version 17
VisualStudioVersion = 17.14.36429.23 d17.14
MinimumVisualStudioVersion = 10.0.40219.1
Project("{FAE04EC0-301F-11D3-BF4B-00C04F79EFBC}") = "flaskConnect", "flaskConnect.csproj", "{7C7A66C9-0B3E-40B4-B284-B7A472905B58}"
EndProject
Global
	GlobalSection(SolutionConfigurationPlatforms) = preSolution
		Debug|Any CPU = Debug|Any CPU
		Release|Any CPU = Release|Any CPU
	EndGlobalSection
	GlobalSection(ProjectConfigurationPlatforms) = postSolution
		{7C7A66C9-0B3E-40B4-B284-B7A472905B58}.Debug|Any CPU.ActiveCfg = Debug|Any CPU
		{7C7A66C9-0B3E-40B4-B284-B7A472905B58}.Debug|Any CPU.Build.0 = Debug|Any CPU
		{7C7A66C9-0B3E-40B4-B284-B7A472905B58}.Release|Any CPU.ActiveCfg = Release|Any CPU
		{7C7A66C9-0B3E-40B4-B284-B7A472905B58}.Release|Any CPU.Build.0 = Release|Any CPU
	EndGlobalSection
	GlobalSection(SolutionProperties) = preSolution
		HideSolutionNode = FALSE
	EndGlobalSection
	GlobalSection(ExtensibilityGlobals) = postSolution
		SolutionGuid = {B91F18B7-1665-4113-9351-CCCA8B102F38}
	EndGlobalSection
EndGlobal
